
Microsoft Visual Studio Solution File, Format Version 12.00
# Visual Studio Version 16
VisualStudioVersion = 16.0.31702.278
MinimumVisualStudioVersion = 10.0.40219.1
Project("{FAE04EC0-301F-11D3-BF4B-00C04F79EFBC}") = "ProjectPalindrom", "Lab6\ProjectPalindrom.csproj", "{3AEC3A19-99C3-48DB-9D1C-FCC6C08E621E}"
EndProject
Project("{FAE04EC0-301F-11D3-BF4B-00C04F79EFBC}") = "ProjectLength", "Palindrom\ProjectLength.csproj", "{7E170E1C-6B53-417B-8096-3A7DB1C65CA5}"
EndProject
Project("{FAE04EC0-301F-11D3-BF4B-00C04F79EFBC}") = "ProjectStringDelete", "StringDelete\ProjectStringDelete.csproj", "{246F3E3D-F205-4F87-9C68-C9FDACF1D668}"
EndProject
Global
	GlobalSection(SolutionConfigurationPlatforms) = preSolution
		Debug|Any CPU = Debug|Any CPU
		Release|Any CPU = Release|Any CPU
	EndGlobalSection
	GlobalSection(ProjectConfigurationPlatforms) = postSolution
		{3AEC3A19-99C3-48DB-9D1C-FCC6C08E621E}.Debug|Any CPU.ActiveCfg = Debug|Any CPU
		{3AEC3A19-99C3-48DB-9D1C-FCC6C08E621E}.Debug|Any CPU.Build.0 = Debug|Any CPU
		{3AEC3A19-99C3-48DB-9D1C-FCC6C08E621E}.Release|Any CPU.ActiveCfg = Release|Any CPU
		{3AEC3A19-99C3-48DB-9D1C-FCC6C08E621E}.Release|Any CPU.Build.0 = Release|Any CPU
		{7E170E1C-6B53-417B-8096-3A7DB1C65CA5}.Debug|Any CPU.ActiveCfg = Debug|Any CPU
		{7E170E1C-6B53-417B-8096-3A7DB1C65CA5}.Debug|Any CPU.Build.0 = Debug|Any CPU
		{7E170E1C-6B53-417B-8096-3A7DB1C65CA5}.Release|Any CPU.ActiveCfg = Release|Any CPU
		{7E170E1C-6B53-417B-8096-3A7DB1C65CA5}.Release|Any CPU.Build.0 = Release|Any CPU
		{246F3E3D-F205-4F87-9C68-C9FDACF1D668}.Debug|Any CPU.ActiveCfg = Debug|Any CPU
		{246F3E3D-F205-4F87-9C68-C9FDACF1D668}.Debug|Any CPU.Build.0 = Debug|Any CPU
		{246F3E3D-F205-4F87-9C68-C9FDACF1D668}.Release|Any CPU.ActiveCfg = Release|Any CPU
		{246F3E3D-F205-4F87-9C68-C9FDACF1D668}.Release|Any CPU.Build.0 = Release|Any CPU
	EndGlobalSection
	GlobalSection(SolutionProperties) = preSolution
		HideSolutionNode = FALSE
	EndGlobalSection
	GlobalSection(ExtensibilityGlobals) = postSolution
		SolutionGuid = {E7049CCD-C929-48F8-8901-6B3AA9FF9956}
	EndGlobalSection
EndGlobal
